
Microsoft Visual Studio Solution File, Format Version 12.00
# Visual Studio Version 16
VisualStudioVersion = 16.0.32802.440
MinimumVisualStudioVersion = 10.0.40219.1
Project("{8BC9CEB8-8B4A-11D0-8D11-00A0C91BC942}") = "ta_List", "ta_List\ta_List.vcxproj", "{01CC748D-6E9C-470F-91B3-6E77FEE85E0C}"
EndProject
Global
	GlobalSection(SolutionConfigurationPlatforms) = preSolution
		Debug|x64 = Debug|x64
		Debug|x86 = Debug|x86
		Release|x64 = Release|x64
		Release|x86 = Release|x86
	EndGlobalSection
	GlobalSection(ProjectConfigurationPlatforms) = postSolution
		{01CC748D-6E9C-470F-91B3-6E77FEE85E0C}.Debug|x64.ActiveCfg = Debug|x64
		{01CC748D-6E9C-470F-91B3-6E77FEE85E0C}.Debug|x64.Build.0 = Debug|x64
		{01CC748D-6E9C-470F-91B3-6E77FEE85E0C}.Debug|x86.ActiveCfg = Debug|Win32
		{01CC748D-6E9C-470F-91B3-6E77FEE85E0C}.Debug|x86.Build.0 = Debug|Win32
		{01CC748D-6E9C-470F-91B3-6E77FEE85E0C}.Release|x64.ActiveCfg = Release|x64
		{01CC748D-6E9C-470F-91B3-6E77FEE85E0C}.Release|x64.Build.0 = Release|x64
		{01CC748D-6E9C-470F-91B3-6E77FEE85E0C}.Release|x86.ActiveCfg = Release|Win32
		{01CC748D-6E9C-470F-91B3-6E77FEE85E0C}.Release|x86.Build.0 = Release|Win32
	EndGlobalSection
	GlobalSection(SolutionProperties) = preSolution
		HideSolutionNode = FALSE
	EndGlobalSection
	GlobalSection(ExtensibilityGlobals) = postSolution
		SolutionGuid = {68A68D4F-17CE-4E22-90C1-A984DBB2E8DA}
	EndGlobalSection
EndGlobal
